
Microsoft Visual Studio Solution File, Format Version 12.00
Project("{FAE04EC0-301F-11D3-BF4B-00C04F79EFBC}") = "BrunelUni.WeatherStation.API", "BrunelUni.WeatherStation.API\BrunelUni.WeatherStation.API.csproj", "{EBE19974-8421-4F8A-8097-A59B9BF3C1BF}"
EndProject
Global
	GlobalSection(SolutionConfigurationPlatforms) = preSolution
		Debug|Any CPU = Debug|Any CPU
		Release|Any CPU = Release|Any CPU
	EndGlobalSection
	GlobalSection(ProjectConfigurationPlatforms) = postSolution
		{EBE19974-8421-4F8A-8097-A59B9BF3C1BF}.Debug|Any CPU.ActiveCfg = Debug|Any CPU
		{EBE19974-8421-4F8A-8097-A59B9BF3C1BF}.Debug|Any CPU.Build.0 = Debug|Any CPU
		{EBE19974-8421-4F8A-8097-A59B9BF3C1BF}.Release|Any CPU.ActiveCfg = Release|Any CPU
		{EBE19974-8421-4F8A-8097-A59B9BF3C1BF}.Release|Any CPU.Build.0 = Release|Any CPU
	EndGlobalSection
EndGlobal
